// !$*UTF8*$!
{
	archiveVersion = 1;
	classes = {
	};
	objectVersion = 50;
	objects = {

/* Begin PBXBuildFile section */
		4D40668020848AB800926AFC /* Screen1ViewController.swift in Sources */ = {isa = PBXBuildFile; fileRef = 4D40667F20848AB800926AFC /* Screen1ViewController.swift */; };
		4D40668320849B6D00926AFC /* Extentions.swift in Sources */ = {isa = PBXBuildFile; fileRef = 4D40668220849B6D00926AFC /* Extentions.swift */; };
		FE43B398207FB68F00B40755 /* AppDelegate.swift in Sources */ = {isa = PBXBuildFile; fileRef = FE43B397207FB68F00B40755 /* AppDelegate.swift */; };
		FE43B39A207FB68F00B40755 /* HomeScreen.swift in Sources */ = {isa = PBXBuildFile; fileRef = FE43B399207FB68F00B40755 /* HomeScreen.swift */; };
		FE43B39D207FB68F00B40755 /* Main.storyboard in Resources */ = {isa = PBXBuildFile; fileRef = FE43B39B207FB68F00B40755 /* Main.storyboard */; };
		FE43B39F207FB69000B40755 /* Assets.xcassets in Resources */ = {isa = PBXBuildFile; fileRef = FE43B39E207FB69000B40755 /* Assets.xcassets */; };
		FE43B3A2207FB69000B40755 /* LaunchScreen.storyboard in Resources */ = {isa = PBXBuildFile; fileRef = FE43B3A0207FB69000B40755 /* LaunchScreen.storyboard */; };
		FE43B3B5207FBAA800B40755 /* RegistrationScreen.swift in Sources */ = {isa = PBXBuildFile; fileRef = FE43B3B4207FBAA800B40755 /* RegistrationScreen.swift */; };
		FE43B3B7207FBAB500B40755 /* LoginScreen.swift in Sources */ = {isa = PBXBuildFile; fileRef = FE43B3B6207FBAB500B40755 /* LoginScreen.swift */; };
/* End PBXBuildFile section */

/* Begin PBXFileReference section */
		4D40667F20848AB800926AFC /* Screen1ViewController.swift */ = {isa = PBXFileReference; lastKnownFileType = sourcecode.swift; path = Screen1ViewController.swift; sourceTree = "<group>"; };
		4D40668220849B6D00926AFC /* Extentions.swift */ = {isa = PBXFileReference; lastKnownFileType = sourcecode.swift; path = Extentions.swift; sourceTree = "<group>"; };
		FE43B394207FB68F00B40755 /* MyInstagram.app */ = {isa = PBXFileReference; explicitFileType = wrapper.application; includeInIndex = 0; path = MyInstagram.app; sourceTree = BUILT_PRODUCTS_DIR; };
		FE43B397207FB68F00B40755 /* AppDelegate.swift */ = {isa = PBXFileReference; lastKnownFileType = sourcecode.swift; path = AppDelegate.swift; sourceTree = "<group>"; };
		FE43B399207FB68F00B40755 /* HomeScreen.swift */ = {isa = PBXFileReference; lastKnownFileType = sourcecode.swift; path = HomeScreen.swift; sourceTree = "<group>"; };
		FE43B39C207FB68F00B40755 /* Base */ = {isa = PBXFileReference; lastKnownFileType = file.storyboard; name = Base; path = Base.lproj/Main.storyboard; sourceTree = "<group>"; };
		FE43B39E207FB69000B40755 /* Assets.xcassets */ = {isa = PBXFileReference; lastKnownFileType = folder.assetcatalog; path = Assets.xcassets; sourceTree = "<group>"; };
		FE43B3A1207FB69000B40755 /* Base */ = {isa = PBXFileReference; lastKnownFileType = file.storyboard; name = Base; path = Base.lproj/LaunchScreen.storyboard; sourceTree = "<group>"; };
		FE43B3A3207FB69000B40755 /* Info.plist */ = {isa = PBXFileReference; lastKnownFileType = text.plist.xml; path = Info.plist; sourceTree = "<group>"; };
		FE43B3B4207FBAA800B40755 /* RegistrationScreen.swift */ = {isa = PBXFileReference; lastKnownFileType = sourcecode.swift; path = RegistrationScreen.swift; sourceTree = "<group>"; };
		FE43B3B6207FBAB500B40755 /* LoginScreen.swift */ = {isa = PBXFileReference; lastKnownFileType = sourcecode.swift; path = LoginScreen.swift; sourceTree = "<group>"; };
/* End PBXFileReference section */

/* Begin PBXFrameworksBuildPhase section */
		FE43B391207FB68F00B40755 /* Frameworks */ = {
			isa = PBXFrameworksBuildPhase;
			buildActionMask = 2147483647;
			files = (
			);
			runOnlyForDeploymentPostprocessing = 0;
		};
/* End PBXFrameworksBuildPhase section */

/* Begin PBXGroup section */
		4D40667D2081EBF500926AFC /* Core */ = {
			isa = PBXGroup;
			children = (
				4D40668120849B3900926AFC /* Utils */,
			);
			path = Core;
			sourceTree = "<group>";
		};
		4D40667E2081EC0100926AFC /* Model */ = {
			isa = PBXGroup;
			children = (
			);
			path = Model;
			sourceTree = "<group>";
		};
		4D40668120849B3900926AFC /* Utils */ = {
			isa = PBXGroup;
			children = (
				4D40668220849B6D00926AFC /* Extentions.swift */,
			);
			path = Utils;
			sourceTree = "<group>";
		};
		FE43B38B207FB68E00B40755 = {
			isa = PBXGroup;
			children = (
				FE43B396207FB68F00B40755 /* MyInstagram */,
				FE43B395207FB68F00B40755 /* Products */,
			);
			sourceTree = "<group>";
		};
		FE43B395207FB68F00B40755 /* Products */ = {
			isa = PBXGroup;
			children = (
				FE43B394207FB68F00B40755 /* MyInstagram.app */,
			);
			name = Products;
			sourceTree = "<group>";
		};
		FE43B396207FB68F00B40755 /* MyInstagram */ = {
			isa = PBXGroup;
			children = (
				4D40667D2081EBF500926AFC /* Core */,
				FE43B397207FB68F00B40755 /* AppDelegate.swift */,
				4D40667E2081EC0100926AFC /* Model */,
				FE43B3AB207FB6A500B40755 /* View */,
				FE43B3AA207FB69E00B40755 /* Controller */,
				FE43B3AD207FB6B100B40755 /* Resources */,
				FE43B3AC207FB6AA00B40755 /* SupportingFiles */,
			);
			path = MyInstagram;
			sourceTree = "<group>";
		};
		FE43B3AA207FB69E00B40755 /* Controller */ = {
			isa = PBXGroup;
			children = (
				FE43B3B8207FBAEA00B40755 /* AuthorizationFlow */,
				FE43B3B1207FB73400B40755 /* HomeScreen */,
				4D40667F20848AB800926AFC /* Screen1ViewController.swift */,
			);
			path = Controller;
			sourceTree = "<group>";
		};
		FE43B3AB207FB6A500B40755 /* View */ = {
			isa = PBXGroup;
			children = (
				FE43B39B207FB68F00B40755 /* Main.storyboard */,
				FE43B3A0207FB69000B40755 /* LaunchScreen.storyboard */,
			);
			path = View;
			sourceTree = "<group>";
		};
		FE43B3AC207FB6AA00B40755 /* SupportingFiles */ = {
			isa = PBXGroup;
			children = (
				FE43B3A3207FB69000B40755 /* Info.plist */,
			);
			path = SupportingFiles;
			sourceTree = "<group>";
		};
		FE43B3AD207FB6B100B40755 /* Resources */ = {
			isa = PBXGroup;
			children = (
				FE43B3AE207FB6B700B40755 /* Images */,
			);
			path = Resources;
			sourceTree = "<group>";
		};
		FE43B3AE207FB6B700B40755 /* Images */ = {
			isa = PBXGroup;
			children = (
				FE43B39E207FB69000B40755 /* Assets.xcassets */,
			);
			path = Images;
			sourceTree = "<group>";
		};
		FE43B3B1207FB73400B40755 /* HomeScreen */ = {
			isa = PBXGroup;
			children = (
				FE43B399207FB68F00B40755 /* HomeScreen.swift */,
			);
			path = HomeScreen;
			sourceTree = "<group>";
		};
		FE43B3B2207FBA5C00B40755 /* RegistrationScreen */ = {
			isa = PBXGroup;
			children = (
				FE43B3B4207FBAA800B40755 /* RegistrationScreen.swift */,
			);
			path = RegistrationScreen;
			sourceTree = "<group>";
		};
		FE43B3B3207FBA6200B40755 /* LoginScreen */ = {
			isa = PBXGroup;
			children = (
				FE43B3B6207FBAB500B40755 /* LoginScreen.swift */,
			);
			path = LoginScreen;
			sourceTree = "<group>";
		};
		FE43B3B8207FBAEA00B40755 /* AuthorizationFlow */ = {
			isa = PBXGroup;
			children = (
				FE43B3B3207FBA6200B40755 /* LoginScreen */,
				FE43B3B2207FBA5C00B40755 /* RegistrationScreen */,
			);
			path = AuthorizationFlow;
			sourceTree = "<group>";
		};
/* End PBXGroup section */

/* Begin PBXNativeTarget section */
		FE43B393207FB68F00B40755 /* MyInstagram */ = {
			isa = PBXNativeTarget;
			buildConfigurationList = FE43B3A6207FB69000B40755 /* Build configuration list for PBXNativeTarget "MyInstagram" */;
			buildPhases = (
				FE43B390207FB68F00B40755 /* Sources */,
				FE43B391207FB68F00B40755 /* Frameworks */,
				FE43B392207FB68F00B40755 /* Resources */,
			);
			buildRules = (
			);
			dependencies = (
			);
			name = MyInstagram;
			productName = MyInstagram;
			productReference = FE43B394207FB68F00B40755 /* MyInstagram.app */;
			productType = "com.apple.product-type.application";
		};
/* End PBXNativeTarget section */

/* Begin PBXProject section */
		FE43B38C207FB68E00B40755 /* Project object */ = {
			isa = PBXProject;
			attributes = {
				LastSwiftUpdateCheck = 0930;
				LastUpgradeCheck = 0930;
				ORGANIZATIONNAME = c0mrade;
				TargetAttributes = {
					FE43B393207FB68F00B40755 = {
						CreatedOnToolsVersion = 9.3;
					};
				};
			};
			buildConfigurationList = FE43B38F207FB68E00B40755 /* Build configuration list for PBXProject "MyInstagram" */;
			compatibilityVersion = "Xcode 9.3";
			developmentRegion = en;
			hasScannedForEncodings = 0;
			knownRegions = (
				en,
				Base,
			);
			mainGroup = FE43B38B207FB68E00B40755;
			productRefGroup = FE43B395207FB68F00B40755 /* Products */;
			projectDirPath = "";
			projectRoot = "";
			targets = (
				FE43B393207FB68F00B40755 /* MyInstagram */,
			);
		};
/* End PBXProject section */

/* Begin PBXResourcesBuildPhase section */
		FE43B392207FB68F00B40755 /* Resources */ = {
			isa = PBXResourcesBuildPhase;
			buildActionMask = 2147483647;
			files = (
				FE43B3A2207FB69000B40755 /* LaunchScreen.storyboard in Resources */,
				FE43B39F207FB69000B40755 /* Assets.xcassets in Resources */,
				FE43B39D207FB68F00B40755 /* Main.storyboard in Resources */,
			);
			runOnlyForDeploymentPostprocessing = 0;
		};
/* End PBXResourcesBuildPhase section */

/* Begin PBXSourcesBuildPhase section */
		FE43B390207FB68F00B40755 /* Sources */ = {
			isa = PBXSourcesBuildPhase;
			buildActionMask = 2147483647;
			files = (
				FE43B3B5207FBAA800B40755 /* RegistrationScreen.swift in Sources */,
				4D40668020848AB800926AFC /* Screen1ViewController.swift in Sources */,
				4D40668320849B6D00926AFC /* Extentions.swift in Sources */,
				FE43B3B7207FBAB500B40755 /* LoginScreen.swift in Sources */,
				FE43B39A207FB68F00B40755 /* HomeScreen.swift in Sources */,
				FE43B398207FB68F00B40755 /* AppDelegate.swift in Sources */,
			);
			runOnlyForDeploymentPostprocessing = 0;
		};
/* End PBXSourcesBuildPhase section */

/* Begin PBXVariantGroup section */
		FE43B39B207FB68F00B40755 /* Main.storyboard */ = {
			isa = PBXVariantGroup;
			children = (
				FE43B39C207FB68F00B40755 /* Base */,
			);
			name = Main.storyboard;
			sourceTree = "<group>";
		};
		FE43B3A0207FB69000B40755 /* LaunchScreen.storyboard */ = {
			isa = PBXVariantGroup;
			children = (
				FE43B3A1207FB69000B40755 /* Base */,
			);
			name = LaunchScreen.storyboard;
			sourceTree = "<group>";
		};
/* End PBXVariantGroup section */

/* Begin XCBuildConfiguration section */
		FE43B3A4207FB69000B40755 /* Debug */ = {
			isa = XCBuildConfiguration;
			buildSettings = {
				ALWAYS_SEARCH_USER_PATHS = NO;
				CLANG_ANALYZER_NONNULL = YES;
				CLANG_ANALYZER_NUMBER_OBJECT_CONVERSION = YES_AGGRESSIVE;
				CLANG_CXX_LANGUAGE_STANDARD = "gnu++14";
				CLANG_CXX_LIBRARY = "libc++";
				CLANG_ENABLE_MODULES = YES;
				CLANG_ENABLE_OBJC_ARC = YES;
				CLANG_ENABLE_OBJC_WEAK = YES;
				CLANG_WARN_BLOCK_CAPTURE_AUTORELEASING = YES;
				CLANG_WARN_BOOL_CONVERSION = YES;
				CLANG_WARN_COMMA = YES;
				CLANG_WARN_CONSTANT_CONVERSION = YES;
				CLANG_WARN_DEPRECATED_OBJC_IMPLEMENTATIONS = YES;
				CLANG_WARN_DIRECT_OBJC_ISA_USAGE = YES_ERROR;
				CLANG_WARN_DOCUMENTATION_COMMENTS = YES;
				CLANG_WARN_EMPTY_BODY = YES;
				CLANG_WARN_ENUM_CONVERSION = YES;
				CLANG_WARN_INFINITE_RECURSION = YES;
				CLANG_WARN_INT_CONVERSION = YES;
				CLANG_WARN_NON_LITERAL_NULL_CONVERSION = YES;
				CLANG_WARN_OBJC_IMPLICIT_RETAIN_SELF = YES;
				CLANG_WARN_OBJC_LITERAL_CONVERSION = YES;
				CLANG_WARN_OBJC_ROOT_CLASS = YES_ERROR;
				CLANG_WARN_RANGE_LOOP_ANALYSIS = YES;
				CLANG_WARN_STRICT_PROTOTYPES = YES;
				CLANG_WARN_SUSPICIOUS_MOVE = YES;
				CLANG_WARN_UNGUARDED_AVAILABILITY = YES_AGGRESSIVE;
				CLANG_WARN_UNREACHABLE_CODE = YES;
				CLANG_WARN__DUPLICATE_METHOD_MATCH = YES;
				CODE_SIGN_IDENTITY = "iPhone Developer";
				COPY_PHASE_STRIP = NO;
				DEBUG_INFORMATION_FORMAT = dwarf;
				ENABLE_STRICT_OBJC_MSGSEND = YES;
				ENABLE_TESTABILITY = YES;
				GCC_C_LANGUAGE_STANDARD = gnu11;
				GCC_DYNAMIC_NO_PIC = NO;
				GCC_NO_COMMON_BLOCKS = YES;
				GCC_OPTIMIZATION_LEVEL = 0;
				GCC_PREPROCESSOR_DEFINITIONS = (
					"DEBUG=1",
					"$(inherited)",
				);
				GCC_WARN_64_TO_32_BIT_CONVERSION = YES;
				GCC_WARN_ABOUT_RETURN_TYPE = YES_ERROR;
				GCC_WARN_UNDECLARED_SELECTOR = YES;
				GCC_WARN_UNINITIALIZED_AUTOS = YES_AGGRESSIVE;
				GCC_WARN_UNUSED_FUNCTION = YES;
				GCC_WARN_UNUSED_VARIABLE = YES;
				IPHONEOS_DEPLOYMENT_TARGET = 11.3;
				MTL_ENABLE_DEBUG_INFO = YES;
				ONLY_ACTIVE_ARCH = YES;
				SDKROOT = iphoneos;
				SWIFT_ACTIVE_COMPILATION_CONDITIONS = DEBUG;
				SWIFT_OPTIMIZATION_LEVEL = "-Onone";
			};
			name = Debug;
		};
		FE43B3A5207FB69000B40755 /* Release */ = {
			isa = XCBuildConfiguration;
			buildSettings = {
				ALWAYS_SEARCH_USER_PATHS = NO;
				CLANG_ANALYZER_NONNULL = YES;
				CLANG_ANALYZER_NUMBER_OBJECT_CONVERSION = YES_AGGRESSIVE;
				CLANG_CXX_LANGUAGE_STANDARD = "gnu++14";
				CLANG_CXX_LIBRARY = "libc++";
				CLANG_ENABLE_MODULES = YES;
				CLANG_ENABLE_OBJC_ARC = YES;
				CLANG_ENABLE_OBJC_WEAK = YES;
				CLANG_WARN_BLOCK_CAPTURE_AUTORELEASING = YES;
				CLANG_WARN_BOOL_CONVERSION = YES;
				CLANG_WARN_COMMA = YES;
				CLANG_WARN_CONSTANT_CONVERSION = YES;
				CLANG_WARN_DEPRECATED_OBJC_IMPLEMENTATIONS = YES;
				CLANG_WARN_DIRECT_OBJC_ISA_USAGE = YES_ERROR;
				CLANG_WARN_DOCUMENTATION_COMMENTS = YES;
				CLANG_WARN_EMPTY_BODY = YES;
				CLANG_WARN_ENUM_CONVERSION = YES;
				CLANG_WARN_INFINITE_RECURSION = YES;
				CLANG_WARN_INT_CONVERSION = YES;
				CLANG_WARN_NON_LITERAL_NULL_CONVERSION = YES;
				CLANG_WARN_OBJC_IMPLICIT_RETAIN_SELF = YES;
				CLANG_WARN_OBJC_LITERAL_CONVERSION = YES;
				CLANG_WARN_OBJC_ROOT_CLASS = YES_ERROR;
				CLANG_WARN_RANGE_LOOP_ANALYSIS = YES;
				CLANG_WARN_STRICT_PROTOTYPES = YES;
				CLANG_WARN_SUSPICIOUS_MOVE = YES;
				CLANG_WARN_UNGUARDED_AVAILABILITY = YES_AGGRESSIVE;
				CLANG_WARN_UNREACHABLE_CODE = YES;
				CLANG_WARN__DUPLICATE_METHOD_MATCH = YES;
				CODE_SIGN_IDENTITY = "iPhone Developer";
				COPY_PHASE_STRIP = NO;
				DEBUG_INFORMATION_FORMAT = "dwarf-with-dsym";
				ENABLE_NS_ASSERTIONS = NO;
				ENABLE_STRICT_OBJC_MSGSEND = YES;
				GCC_C_LANGUAGE_STANDARD = gnu11;
				GCC_NO_COMMON_BLOCKS = YES;
				GCC_WARN_64_TO_32_BIT_CONVERSION = YES;
				GCC_WARN_ABOUT_RETURN_TYPE = YES_ERROR;
				GCC_WARN_UNDECLARED_SELECTOR = YES;
				GCC_WARN_UNINITIALIZED_AUTOS = YES_AGGRESSIVE;
				GCC_WARN_UNUSED_FUNCTION = YES;
				GCC_WARN_UNUSED_VARIABLE = YES;
				IPHONEOS_DEPLOYMENT_TARGET = 11.3;
				MTL_ENABLE_DEBUG_INFO = NO;
				SDKROOT = iphoneos;
				SWIFT_COMPILATION_MODE = wholemodule;
				SWIFT_OPTIMIZATION_LEVEL = "-O";
				VALIDATE_PRODUCT = YES;
			};
			name = Release;
		};
		FE43B3A7207FB69000B40755 /* Debug */ = {
			isa = XCBuildConfiguration;
			buildSettings = {
				ASSETCATALOG_COMPILER_APPICON_NAME = AppIcon;
				CODE_SIGN_STYLE = Automatic;
				DEVELOPMENT_TEAM = 7U5VQCSFGM;
				INFOPLIST_FILE = "$(SRCROOT)/MyInstagram/SupportingFiles/Info.plist";
				LD_RUNPATH_SEARCH_PATHS = (
					"$(inherited)",
					"@executable_path/Frameworks",
				);
				PRODUCT_BUNDLE_IDENTIFIER = ge.UG.MyInstagram;
				PRODUCT_NAME = "$(TARGET_NAME)";
				SWIFT_VERSION = 4.0;
				TARGETED_DEVICE_FAMILY = "1,2";
			};
			name = Debug;
		};
		FE43B3A8207FB69000B40755 /* Release */ = {
			isa = XCBuildConfiguration;
			buildSettings = {
				ASSETCATALOG_COMPILER_APPICON_NAME = AppIcon;
				CODE_SIGN_STYLE = Automatic;
				DEVELOPMENT_TEAM = 7U5VQCSFGM;
				INFOPLIST_FILE = "$(SRCROOT)/MyInstagram/SupportingFiles/Info.plist";
				LD_RUNPATH_SEARCH_PATHS = (
					"$(inherited)",
					"@executable_path/Frameworks",
				);
				PRODUCT_BUNDLE_IDENTIFIER = ge.UG.MyInstagram;
				PRODUCT_NAME = "$(TARGET_NAME)";
				SWIFT_VERSION = 4.0;
				TARGETED_DEVICE_FAMILY = "1,2";
			};
			name = Release;
		};
/* End XCBuildConfiguration section */

/* Begin XCConfigurationList section */
		FE43B38F207FB68E00B40755 /* Build configuration list for PBXProject "MyInstagram" */ = {
			isa = XCConfigurationList;
			buildConfigurations = (
				FE43B3A4207FB69000B40755 /* Debug */,
				FE43B3A5207FB69000B40755 /* Release */,
			);
			defaultConfigurationIsVisible = 0;
			defaultConfigurationName = Release;
		};
		FE43B3A6207FB69000B40755 /* Build configuration list for PBXNativeTarget "MyInstagram" */ = {
			isa = XCConfigurationList;
			buildConfigurations = (
				FE43B3A7207FB69000B40755 /* Debug */,
				FE43B3A8207FB69000B40755 /* Release */,
			);
			defaultConfigurationIsVisible = 0;
			defaultConfigurationName = Release;
		};
/* End XCConfigurationList section */
	};
	rootObject = FE43B38C207FB68E00B40755 /* Project object */;
}
